
Microsoft Visual Studio Solution File, Format Version 12.00
# Visual Studio Version 17
VisualStudioVersion = 17.5.002.0
MinimumVisualStudioVersion = 10.0.40219.1
Project("{9A19103F-16F7-4668-BE54-9A1E7A4F7556}") = "EtkinlikYonetimSistemi", "EtkinlikYonetimSistemi.csproj", "{C726F47E-C713-4080-BAFE-027FC3266ED4}"
EndProject
Global
	GlobalSection(SolutionConfigurationPlatforms) = preSolution
		Debug|Any CPU = Debug|Any CPU
		Release|Any CPU = Release|Any CPU
	EndGlobalSection
	GlobalSection(ProjectConfigurationPlatforms) = postSolution
		{C726F47E-C713-4080-BAFE-027FC3266ED4}.Debug|Any CPU.ActiveCfg = Debug|Any CPU
		{C726F47E-C713-4080-BAFE-027FC3266ED4}.Debug|Any CPU.Build.0 = Debug|Any CPU
		{C726F47E-C713-4080-BAFE-027FC3266ED4}.Release|Any CPU.ActiveCfg = Release|Any CPU
		{C726F47E-C713-4080-BAFE-027FC3266ED4}.Release|Any CPU.Build.0 = Release|Any CPU
	EndGlobalSection
	GlobalSection(SolutionProperties) = preSolution
		HideSolutionNode = FALSE
	EndGlobalSection
	GlobalSection(ExtensibilityGlobals) = postSolution
		SolutionGuid = {855A1563-D79C-41D0-AF73-2764A7F7C577}
	EndGlobalSection
EndGlobal
